// !$*UTF8*$!
{
	archiveVersion = 1;
	classes = {
	};
	objectVersion = 46;
	objects = {

/* Begin PBXBuildFile section */
		AA1F4DAA1C0552FB00C035DC /* main.m in Sources */ = {isa = PBXBuildFile; fileRef = AA1F4DA91C0552FB00C035DC /* main.m */; };
		AA1F4DAD1C0552FB00C035DC /* AppDelegate.m in Sources */ = {isa = PBXBuildFile; fileRef = AA1F4DAC1C0552FB00C035DC /* AppDelegate.m */; };
		AA1F4DB01C0552FB00C035DC /* ViewController.m in Sources */ = {isa = PBXBuildFile; fileRef = AA1F4DAF1C0552FB00C035DC /* ViewController.m */; };
		AA1F4DB31C0552FB00C035DC /* Main.storyboard in Resources */ = {isa = PBXBuildFile; fileRef = AA1F4DB11C0552FB00C035DC /* Main.storyboard */; };
		AA1F4DB51C0552FB00C035DC /* Assets.xcassets in Resources */ = {isa = PBXBuildFile; fileRef = AA1F4DB41C0552FB00C035DC /* Assets.xcassets */; };
		AA1F4DB81C0552FB00C035DC /* LaunchScreen.storyboard in Resources */ = {isa = PBXBuildFile; fileRef = AA1F4DB61C0552FB00C035DC /* LaunchScreen.storyboard */; };
		AA1F4DC31C0552FB00C035DC /* CCCoverFlowViewTests.m in Sources */ = {isa = PBXBuildFile; fileRef = AA1F4DC21C0552FB00C035DC /* CCCoverFlowViewTests.m */; };
		AA1F4DCE1C0552FB00C035DC /* CCCoverFlowViewUITests.m in Sources */ = {isa = PBXBuildFile; fileRef = AA1F4DCD1C0552FB00C035DC /* CCCoverFlowViewUITests.m */; };
		AA1F4DDD1C05532500C035DC /* CCCoverFlowView.m in Sources */ = {isa = PBXBuildFile; fileRef = AA1F4DDC1C05532500C035DC /* CCCoverFlowView.m */; };
		AA1F4DE71C05A75600C035DC /* 1.jpg in Resources */ = {isa = PBXBuildFile; fileRef = AA1F4DE11C05A75600C035DC /* 1.jpg */; };
		AA1F4DE81C05A75600C035DC /* 2.jpg in Resources */ = {isa = PBXBuildFile; fileRef = AA1F4DE21C05A75600C035DC /* 2.jpg */; };
		AA1F4DE91C05A75600C035DC /* 3.jpg in Resources */ = {isa = PBXBuildFile; fileRef = AA1F4DE31C05A75600C035DC /* 3.jpg */; };
		AA1F4DEA1C05A75600C035DC /* 4.jpg in Resources */ = {isa = PBXBuildFile; fileRef = AA1F4DE41C05A75600C035DC /* 4.jpg */; };
		AA1F4DEB1C05A75600C035DC /* 5.jpg in Resources */ = {isa = PBXBuildFile; fileRef = AA1F4DE51C05A75600C035DC /* 5.jpg */; };
		AA1F4DEC1C05A75600C035DC /* 6.jpg in Resources */ = {isa = PBXBuildFile; fileRef = AA1F4DE61C05A75600C035DC /* 6.jpg */; };
/* End PBXBuildFile section */

/* Begin PBXContainerItemProxy section */
		AA1F4DBF1C0552FB00C035DC /* PBXContainerItemProxy */ = {
			isa = PBXContainerItemProxy;
			containerPortal = AA1F4D9D1C0552FB00C035DC /* Project object */;
			proxyType = 1;
			remoteGlobalIDString = AA1F4DA41C0552FB00C035DC;
			remoteInfo = CCCoverFlowView;
		};
		AA1F4DCA1C0552FB00C035DC /* PBXContainerItemProxy */ = {
			isa = PBXContainerItemProxy;
			containerPortal = AA1F4D9D1C0552FB00C035DC /* Project object */;
			proxyType = 1;
			remoteGlobalIDString = AA1F4DA41C0552FB00C035DC;
			remoteInfo = CCCoverFlowView;
		};
/* End PBXContainerItemProxy section */

/* Begin PBXFileReference section */
		AA1F4DA51C0552FB00C035DC /* CCCoverFlowView.app */ = {isa = PBXFileReference; explicitFileType = wrapper.application; includeInIndex = 0; path = CCCoverFlowView.app; sourceTree = BUILT_PRODUCTS_DIR; };
		AA1F4DA91C0552FB00C035DC /* main.m */ = {isa = PBXFileReference; lastKnownFileType = sourcecode.c.objc; path = main.m; sourceTree = "<group>"; };
		AA1F4DAB1C0552FB00C035DC /* AppDelegate.h */ = {isa = PBXFileReference; lastKnownFileType = sourcecode.c.h; path = AppDelegate.h; sourceTree = "<group>"; };
		AA1F4DAC1C0552FB00C035DC /* AppDelegate.m */ = {isa = PBXFileReference; lastKnownFileType = sourcecode.c.objc; path = AppDelegate.m; sourceTree = "<group>"; };
		AA1F4DAE1C0552FB00C035DC /* ViewController.h */ = {isa = PBXFileReference; lastKnownFileType = sourcecode.c.h; path = ViewController.h; sourceTree = "<group>"; };
		AA1F4DAF1C0552FB00C035DC /* ViewController.m */ = {isa = PBXFileReference; lastKnownFileType = sourcecode.c.objc; path = ViewController.m; sourceTree = "<group>"; };
		AA1F4DB21C0552FB00C035DC /* Base */ = {isa = PBXFileReference; lastKnownFileType = file.storyboard; name = Base; path = Base.lproj/Main.storyboard; sourceTree = "<group>"; };
		AA1F4DB41C0552FB00C035DC /* Assets.xcassets */ = {isa = PBXFileReference; lastKnownFileType = folder.assetcatalog; path = Assets.xcassets; sourceTree = "<group>"; };
		AA1F4DB71C0552FB00C035DC /* Base */ = {isa = PBXFileReference; lastKnownFileType = file.storyboard; name = Base; path = Base.lproj/LaunchScreen.storyboard; sourceTree = "<group>"; };
		AA1F4DB91C0552FB00C035DC /* Info.plist */ = {isa = PBXFileReference; lastKnownFileType = text.plist.xml; path = Info.plist; sourceTree = "<group>"; };
		AA1F4DBE1C0552FB00C035DC /* CCCoverFlowViewTests.xctest */ = {isa = PBXFileReference; explicitFileType = wrapper.cfbundle; includeInIndex = 0; path = CCCoverFlowViewTests.xctest; sourceTree = BUILT_PRODUCTS_DIR; };
		AA1F4DC21C0552FB00C035DC /* CCCoverFlowViewTests.m */ = {isa = PBXFileReference; lastKnownFileType = sourcecode.c.objc; path = CCCoverFlowViewTests.m; sourceTree = "<group>"; };
		AA1F4DC41C0552FB00C035DC /* Info.plist */ = {isa = PBXFileReference; lastKnownFileType = text.plist.xml; path = Info.plist; sourceTree = "<group>"; };
		AA1F4DC91C0552FB00C035DC /* CCCoverFlowViewUITests.xctest */ = {isa = PBXFileReference; explicitFileType = wrapper.cfbundle; includeInIndex = 0; path = CCCoverFlowViewUITests.xctest; sourceTree = BUILT_PRODUCTS_DIR; };
		AA1F4DCD1C0552FB00C035DC /* CCCoverFlowViewUITests.m */ = {isa = PBXFileReference; lastKnownFileType = sourcecode.c.objc; path = CCCoverFlowViewUITests.m; sourceTree = "<group>"; };
		AA1F4DCF1C0552FB00C035DC /* Info.plist */ = {isa = PBXFileReference; lastKnownFileType = text.plist.xml; path = Info.plist; sourceTree = "<group>"; };
		AA1F4DDB1C05532500C035DC /* CCCoverFlowView.h */ = {isa = PBXFileReference; fileEncoding = 4; lastKnownFileType = sourcecode.c.h; path = CCCoverFlowView.h; sourceTree = "<group>"; };
		AA1F4DDC1C05532500C035DC /* CCCoverFlowView.m */ = {isa = PBXFileReference; fileEncoding = 4; lastKnownFileType = sourcecode.c.objc; path = CCCoverFlowView.m; sourceTree = "<group>"; };
		AA1F4DE11C05A75600C035DC /* 1.jpg */ = {isa = PBXFileReference; lastKnownFileType = image.jpeg; path = 1.jpg; sourceTree = "<group>"; };
		AA1F4DE21C05A75600C035DC /* 2.jpg */ = {isa = PBXFileReference; lastKnownFileType = image.jpeg; path = 2.jpg; sourceTree = "<group>"; };
		AA1F4DE31C05A75600C035DC /* 3.jpg */ = {isa = PBXFileReference; lastKnownFileType = image.jpeg; path = 3.jpg; sourceTree = "<group>"; };
		AA1F4DE41C05A75600C035DC /* 4.jpg */ = {isa = PBXFileReference; lastKnownFileType = image.jpeg; path = 4.jpg; sourceTree = "<group>"; };
		AA1F4DE51C05A75600C035DC /* 5.jpg */ = {isa = PBXFileReference; lastKnownFileType = image.jpeg; path = 5.jpg; sourceTree = "<group>"; };
		AA1F4DE61C05A75600C035DC /* 6.jpg */ = {isa = PBXFileReference; lastKnownFileType = image.jpeg; path = 6.jpg; sourceTree = "<group>"; };
/* End PBXFileReference section */

/* Begin PBXFrameworksBuildPhase section */
		AA1F4DA21C0552FB00C035DC /* Frameworks */ = {
			isa = PBXFrameworksBuildPhase;
			buildActionMask = 2147483647;
			files = (
			);
			runOnlyForDeploymentPostprocessing = 0;
		};
		AA1F4DBB1C0552FB00C035DC /* Frameworks */ = {
			isa = PBXFrameworksBuildPhase;
			buildActionMask = 2147483647;
			files = (
			);
			runOnlyForDeploymentPostprocessing = 0;
		};
		AA1F4DC61C0552FB00C035DC /* Frameworks */ = {
			isa = PBXFrameworksBuildPhase;
			buildActionMask = 2147483647;
			files = (
			);
			runOnlyForDeploymentPostprocessing = 0;
		};
/* End PBXFrameworksBuildPhase section */

/* Begin PBXGroup section */
		AA1F4D9C1C0552FB00C035DC = {
			isa = PBXGroup;
			children = (
				AA1F4DA71C0552FB00C035DC /* CCCoverFlowView */,
				AA1F4DC11C0552FB00C035DC /* CCCoverFlowViewTests */,
				AA1F4DCC1C0552FB00C035DC /* CCCoverFlowViewUITests */,
				AA1F4DA61C0552FB00C035DC /* Products */,
			);
			sourceTree = "<group>";
		};
		AA1F4DA61C0552FB00C035DC /* Products */ = {
			isa = PBXGroup;
			children = (
				AA1F4DA51C0552FB00C035DC /* CCCoverFlowView.app */,
				AA1F4DBE1C0552FB00C035DC /* CCCoverFlowViewTests.xctest */,
				AA1F4DC91C0552FB00C035DC /* CCCoverFlowViewUITests.xctest */,
			);
			name = Products;
			sourceTree = "<group>";
		};
		AA1F4DA71C0552FB00C035DC /* CCCoverFlowView */ = {
			isa = PBXGroup;
			children = (
				AA1F4DE11C05A75600C035DC /* 1.jpg */,
				AA1F4DE21C05A75600C035DC /* 2.jpg */,
				AA1F4DE31C05A75600C035DC /* 3.jpg */,
				AA1F4DE41C05A75600C035DC /* 4.jpg */,
				AA1F4DE51C05A75600C035DC /* 5.jpg */,
				AA1F4DE61C05A75600C035DC /* 6.jpg */,
				AA1F4DAB1C0552FB00C035DC /* AppDelegate.h */,
				AA1F4DAC1C0552FB00C035DC /* AppDelegate.m */,
				AA1F4DAE1C0552FB00C035DC /* ViewController.h */,
				AA1F4DAF1C0552FB00C035DC /* ViewController.m */,
				AA1F4DB11C0552FB00C035DC /* Main.storyboard */,
				AA1F4DB41C0552FB00C035DC /* Assets.xcassets */,
				AA1F4DB61C0552FB00C035DC /* LaunchScreen.storyboard */,
				AA1F4DB91C0552FB00C035DC /* Info.plist */,
				AA1F4DA81C0552FB00C035DC /* Supporting Files */,
				AA1F4DDB1C05532500C035DC /* CCCoverFlowView.h */,
				AA1F4DDC1C05532500C035DC /* CCCoverFlowView.m */,
			);
			path = CCCoverFlowView;
			sourceTree = "<group>";
		};
		AA1F4DA81C0552FB00C035DC /* Supporting Files */ = {
			isa = PBXGroup;
			children = (
				AA1F4DA91C0552FB00C035DC /* main.m */,
			);
			name = "Supporting Files";
			sourceTree = "<group>";
		};
		AA1F4DC11C0552FB00C035DC /* CCCoverFlowViewTests */ = {
			isa = PBXGroup;
			children = (
				AA1F4DC21C0552FB00C035DC /* CCCoverFlowViewTests.m */,
				AA1F4DC41C0552FB00C035DC /* Info.plist */,
			);
			path = CCCoverFlowViewTests;
			sourceTree = "<group>";
		};
		AA1F4DCC1C0552FB00C035DC /* CCCoverFlowViewUITests */ = {
			isa = PBXGroup;
			children = (
				AA1F4DCD1C0552FB00C035DC /* CCCoverFlowViewUITests.m */,
				AA1F4DCF1C0552FB00C035DC /* Info.plist */,
			);
			path = CCCoverFlowViewUITests;
			sourceTree = "<group>";
		};
/* End PBXGroup section */

/* Begin PBXNativeTarget section */
		AA1F4DA41C0552FB00C035DC /* CCCoverFlowView */ = {
			isa = PBXNativeTarget;
			buildConfigurationList = AA1F4DD21C0552FB00C035DC /* Build configuration list for PBXNativeTarget "CCCoverFlowView" */;
			buildPhases = (
				AA1F4DA11C0552FB00C035DC /* Sources */,
				AA1F4DA21C0552FB00C035DC /* Frameworks */,
				AA1F4DA31C0552FB00C035DC /* Resources */,
			);
			buildRules = (
			);
			dependencies = (
			);
			name = CCCoverFlowView;
			productName = CCCoverFlowView;
			productReference = AA1F4DA51C0552FB00C035DC /* CCCoverFlowView.app */;
			productType = "com.apple.product-type.application";
		};
		AA1F4DBD1C0552FB00C035DC /* CCCoverFlowViewTests */ = {
			isa = PBXNativeTarget;
			buildConfigurationList = AA1F4DD51C0552FB00C035DC /* Build configuration list for PBXNativeTarget "CCCoverFlowViewTests" */;
			buildPhases = (
				AA1F4DBA1C0552FB00C035DC /* Sources */,
				AA1F4DBB1C0552FB00C035DC /* Frameworks */,
				AA1F4DBC1C0552FB00C035DC /* Resources */,
			);
			buildRules = (
			);
			dependencies = (
				AA1F4DC01C0552FB00C035DC /* PBXTargetDependency */,
			);
			name = CCCoverFlowViewTests;
			productName = CCCoverFlowViewTests;
			productReference = AA1F4DBE1C0552FB00C035DC /* CCCoverFlowViewTests.xctest */;
			productType = "com.apple.product-type.bundle.unit-test";
		};
		AA1F4DC81C0552FB00C035DC /* CCCoverFlowViewUITests */ = {
			isa = PBXNativeTarget;
			buildConfigurationList = AA1F4DD81C0552FB00C035DC /* Build configuration list for PBXNativeTarget "CCCoverFlowViewUITests" */;
			buildPhases = (
				AA1F4DC51C0552FB00C035DC /* Sources */,
				AA1F4DC61C0552FB00C035DC /* Frameworks */,
				AA1F4DC71C0552FB00C035DC /* Resources */,
			);
			buildRules = (
			);
			dependencies = (
				AA1F4DCB1C0552FB00C035DC /* PBXTargetDependency */,
			);
			name = CCCoverFlowViewUITests;
			productName = CCCoverFlowViewUITests;
			productReference = AA1F4DC91C0552FB00C035DC /* CCCoverFlowViewUITests.xctest */;
			productType = "com.apple.product-type.bundle.ui-testing";
		};
/* End PBXNativeTarget section */

/* Begin PBXProject section */
		AA1F4D9D1C0552FB00C035DC /* Project object */ = {
			isa = PBXProject;
			attributes = {
				LastUpgradeCheck = 0710;
				ORGANIZATIONNAME = "崔成";
				TargetAttributes = {
					AA1F4DA41C0552FB00C035DC = {
						CreatedOnToolsVersion = 7.1;
						DevelopmentTeam = TJ4NULN75D;
					};
					AA1F4DBD1C0552FB00C035DC = {
						CreatedOnToolsVersion = 7.1;
						DevelopmentTeam = TJ4NULN75D;
						TestTargetID = AA1F4DA41C0552FB00C035DC;
					};
					AA1F4DC81C0552FB00C035DC = {
						CreatedOnToolsVersion = 7.1;
						DevelopmentTeam = TJ4NULN75D;
						TestTargetID = AA1F4DA41C0552FB00C035DC;
					};
				};
			};
			buildConfigurationList = AA1F4DA01C0552FB00C035DC /* Build configuration list for PBXProject "CCCoverFlowView" */;
			compatibilityVersion = "Xcode 3.2";
			developmentRegion = English;
			hasScannedForEncodings = 0;
			knownRegions = (
				en,
				Base,
			);
			mainGroup = AA1F4D9C1C0552FB00C035DC;
			productRefGroup = AA1F4DA61C0552FB00C035DC /* Products */;
			projectDirPath = "";
			projectRoot = "";
			targets = (
				AA1F4DA41C0552FB00C035DC /* CCCoverFlowView */,
				AA1F4DBD1C0552FB00C035DC /* CCCoverFlowViewTests */,
				AA1F4DC81C0552FB00C035DC /* CCCoverFlowViewUITests */,
			);
		};
/* End PBXProject section */

/* Begin PBXResourcesBuildPhase section */
		AA1F4DA31C0552FB00C035DC /* Resources */ = {
			isa = PBXResourcesBuildPhase;
			buildActionMask = 2147483647;
			files = (
				AA1F4DEC1C05A75600C035DC /* 6.jpg in Resources */,
				AA1F4DB81C0552FB00C035DC /* LaunchScreen.storyboard in Resources */,
				AA1F4DEB1C05A75600C035DC /* 5.jpg in Resources */,
				AA1F4DEA1C05A75600C035DC /* 4.jpg in Resources */,
				AA1F4DE71C05A75600C035DC /* 1.jpg in Resources */,
				AA1F4DE81C05A75600C035DC /* 2.jpg in Resources */,
				AA1F4DE91C05A75600C035DC /* 3.jpg in Resources */,
				AA1F4DB51C0552FB00C035DC /* Assets.xcassets in Resources */,
				AA1F4DB31C0552FB00C035DC /* Main.storyboard in Resources */,
			);
			runOnlyForDeploymentPostprocessing = 0;
		};
		AA1F4DBC1C0552FB00C035DC /* Resources */ = {
			isa = PBXResourcesBuildPhase;
			buildActionMask = 2147483647;
			files = (
			);
			runOnlyForDeploymentPostprocessing = 0;
		};
		AA1F4DC71C0552FB00C035DC /* Resources */ = {
			isa = PBXResourcesBuildPhase;
			buildActionMask = 2147483647;
			files = (
			);
			runOnlyForDeploymentPostprocessing = 0;
		};
/* End PBXResourcesBuildPhase section */

/* Begin PBXSourcesBuildPhase section */
		AA1F4DA11C0552FB00C035DC /* Sources */ = {
			isa = PBXSourcesBuildPhase;
			buildActionMask = 2147483647;
			files = (
				AA1F4DDD1C05532500C035DC /* CCCoverFlowView.m in Sources */,
				AA1F4DB01C0552FB00C035DC /* ViewController.m in Sources */,
				AA1F4DAD1C0552FB00C035DC /* AppDelegate.m in Sources */,
				AA1F4DAA1C0552FB00C035DC /* main.m in Sources */,
			);
			runOnlyForDeploymentPostprocessing = 0;
		};
		AA1F4DBA1C0552FB00C035DC /* Sources */ = {
			isa = PBXSourcesBuildPhase;
			buildActionMask = 2147483647;
			files = (
				AA1F4DC31C0552FB00C035DC /* CCCoverFlowViewTests.m in Sources */,
			);
			runOnlyForDeploymentPostprocessing = 0;
		};
		AA1F4DC51C0552FB00C035DC /* Sources */ = {
			isa = PBXSourcesBuildPhase;
			buildActionMask = 2147483647;
			files = (
				AA1F4DCE1C0552FB00C035DC /* CCCoverFlowViewUITests.m in Sources */,
			);
			runOnlyForDeploymentPostprocessing = 0;
		};
/* End PBXSourcesBuildPhase section */

/* Begin PBXTargetDependency section */
		AA1F4DC01C0552FB00C035DC /* PBXTargetDependency */ = {
			isa = PBXTargetDependency;
			target = AA1F4DA41C0552FB00C035DC /* CCCoverFlowView */;
			targetProxy = AA1F4DBF1C0552FB00C035DC /* PBXContainerItemProxy */;
		};
		AA1F4DCB1C0552FB00C035DC /* PBXTargetDependency */ = {
			isa = PBXTargetDependency;
			target = AA1F4DA41C0552FB00C035DC /* CCCoverFlowView */;
			targetProxy = AA1F4DCA1C0552FB00C035DC /* PBXContainerItemProxy */;
		};
/* End PBXTargetDependency section */

/* Begin PBXVariantGroup section */
		AA1F4DB11C0552FB00C035DC /* Main.storyboard */ = {
			isa = PBXVariantGroup;
			children = (
				AA1F4DB21C0552FB00C035DC /* Base */,
			);
			name = Main.storyboard;
			sourceTree = "<group>";
		};
		AA1F4DB61C0552FB00C035DC /* LaunchScreen.storyboard */ = {
			isa = PBXVariantGroup;
			children = (
				AA1F4DB71C0552FB00C035DC /* Base */,
			);
			name = LaunchScreen.storyboard;
			sourceTree = "<group>";
		};
/* End PBXVariantGroup section */

/* Begin XCBuildConfiguration section */
		AA1F4DD01C0552FB00C035DC /* Debug */ = {
			isa = XCBuildConfiguration;
			buildSettings = {
				ALWAYS_SEARCH_USER_PATHS = NO;
				CLANG_CXX_LANGUAGE_STANDARD = "gnu++0x";
				CLANG_CXX_LIBRARY = "libc++";
				CLANG_ENABLE_MODULES = YES;
				CLANG_ENABLE_OBJC_ARC = YES;
				CLANG_WARN_BOOL_CONVERSION = YES;
				CLANG_WARN_CONSTANT_CONVERSION = YES;
				CLANG_WARN_DIRECT_OBJC_ISA_USAGE = YES_ERROR;
				CLANG_WARN_EMPTY_BODY = YES;
				CLANG_WARN_ENUM_CONVERSION = YES;
				CLANG_WARN_INT_CONVERSION = YES;
				CLANG_WARN_OBJC_ROOT_CLASS = YES_ERROR;
				CLANG_WARN_UNREACHABLE_CODE = YES;
				CLANG_WARN__DUPLICATE_METHOD_MATCH = YES;
				"CODE_SIGN_IDENTITY[sdk=iphoneos*]" = "iPhone Developer";
				COPY_PHASE_STRIP = NO;
				DEBUG_INFORMATION_FORMAT = dwarf;
				ENABLE_STRICT_OBJC_MSGSEND = YES;
				ENABLE_TESTABILITY = YES;
				GCC_C_LANGUAGE_STANDARD = gnu99;
				GCC_DYNAMIC_NO_PIC = NO;
				GCC_NO_COMMON_BLOCKS = YES;
				GCC_OPTIMIZATION_LEVEL = 0;
				GCC_PREPROCESSOR_DEFINITIONS = (
					"DEBUG=1",
					"$(inherited)",
				);
				GCC_WARN_64_TO_32_BIT_CONVERSION = YES;
				GCC_WARN_ABOUT_RETURN_TYPE = YES_ERROR;
				GCC_WARN_UNDECLARED_SELECTOR = YES;
				GCC_WARN_UNINITIALIZED_AUTOS = YES_AGGRESSIVE;
				GCC_WARN_UNUSED_FUNCTION = YES;
				GCC_WARN_UNUSED_VARIABLE = YES;
				IPHONEOS_DEPLOYMENT_TARGET = 9.1;
				MTL_ENABLE_DEBUG_INFO = YES;
				ONLY_ACTIVE_ARCH = YES;
				SDKROOT = iphoneos;
				TARGETED_DEVICE_FAMILY = "1,2";
			};
			name = Debug;
		};
		AA1F4DD11C0552FB00C035DC /* Release */ = {
			isa = XCBuildConfiguration;
			buildSettings = {
				ALWAYS_SEARCH_USER_PATHS = NO;
				CLANG_CXX_LANGUAGE_STANDARD = "gnu++0x";
				CLANG_CXX_LIBRARY = "libc++";
				CLANG_ENABLE_MODULES = YES;
				CLANG_ENABLE_OBJC_ARC = YES;
				CLANG_WARN_BOOL_CONVERSION = YES;
				CLANG_WARN_CONSTANT_CONVERSION = YES;
				CLANG_WARN_DIRECT_OBJC_ISA_USAGE = YES_ERROR;
				CLANG_WARN_EMPTY_BODY = YES;
				CLANG_WARN_ENUM_CONVERSION = YES;
				CLANG_WARN_INT_CONVERSION = YES;
				CLANG_WARN_OBJC_ROOT_CLASS = YES_ERROR;
				CLANG_WARN_UNREACHABLE_CODE = YES;
				CLANG_WARN__DUPLICATE_METHOD_MATCH = YES;
				"CODE_SIGN_IDENTITY[sdk=iphoneos*]" = "iPhone Developer";
				COPY_PHASE_STRIP = NO;
				DEBUG_INFORMATION_FORMAT = "dwarf-with-dsym";
				ENABLE_NS_ASSERTIONS = NO;
				ENABLE_STRICT_OBJC_MSGSEND = YES;
				GCC_C_LANGUAGE_STANDARD = gnu99;
				GCC_NO_COMMON_BLOCKS = YES;
				GCC_WARN_64_TO_32_BIT_CONVERSION = YES;
				GCC_WARN_ABOUT_RETURN_TYPE = YES_ERROR;
				GCC_WARN_UNDECLARED_SELECTOR = YES;
				GCC_WARN_UNINITIALIZED_AUTOS = YES_AGGRESSIVE;
				GCC_WARN_UNUSED_FUNCTION = YES;
				GCC_WARN_UNUSED_VARIABLE = YES;
				IPHONEOS_DEPLOYMENT_TARGET = 9.1;
				MTL_ENABLE_DEBUG_INFO = NO;
				SDKROOT = iphoneos;
				TARGETED_DEVICE_FAMILY = "1,2";
				VALIDATE_PRODUCT = YES;
			};
			name = Release;
		};
		AA1F4DD31C0552FB00C035DC /* Debug */ = {
			isa = XCBuildConfiguration;
			buildSettings = {
				ASSETCATALOG_COMPILER_APPICON_NAME = AppIcon;
				INFOPLIST_FILE = CCCoverFlowView/Info.plist;
				LD_RUNPATH_SEARCH_PATHS = "$(inherited) @executable_path/Frameworks";
				PRODUCT_BUNDLE_IDENTIFIER = CoverFlowView.CCCoverFlowView;
				PRODUCT_NAME = "$(TARGET_NAME)";
			};
			name = Debug;
		};
		AA1F4DD41C0552FB00C035DC /* Release */ = {
			isa = XCBuildConfiguration;
			buildSettings = {
				ASSETCATALOG_COMPILER_APPICON_NAME = AppIcon;
				INFOPLIST_FILE = CCCoverFlowView/Info.plist;
				LD_RUNPATH_SEARCH_PATHS = "$(inherited) @executable_path/Frameworks";
				PRODUCT_BUNDLE_IDENTIFIER = CoverFlowView.CCCoverFlowView;
				PRODUCT_NAME = "$(TARGET_NAME)";
			};
			name = Release;
		};
		AA1F4DD61C0552FB00C035DC /* Debug */ = {
			isa = XCBuildConfiguration;
			buildSettings = {
				BUNDLE_LOADER = "$(TEST_HOST)";
				INFOPLIST_FILE = CCCoverFlowViewTests/Info.plist;
				LD_RUNPATH_SEARCH_PATHS = "$(inherited) @executable_path/Frameworks @loader_path/Frameworks";
				PRODUCT_BUNDLE_IDENTIFIER = CoverFlowView.CCCoverFlowViewTests;
				PRODUCT_NAME = "$(TARGET_NAME)";
				TEST_HOST = "$(BUILT_PRODUCTS_DIR)/CCCoverFlowView.app/CCCoverFlowView";
			};
			name = Debug;
		};
		AA1F4DD71C0552FB00C035DC /* Release */ = {
			isa = XCBuildConfiguration;
			buildSettings = {
				BUNDLE_LOADER = "$(TEST_HOST)";
				INFOPLIST_FILE = CCCoverFlowViewTests/Info.plist;
				LD_RUNPATH_SEARCH_PATHS = "$(inherited) @executable_path/Frameworks @loader_path/Frameworks";
				PRODUCT_BUNDLE_IDENTIFIER = CoverFlowView.CCCoverFlowViewTests;
				PRODUCT_NAME = "$(TARGET_NAME)";
				TEST_HOST = "$(BUILT_PRODUCTS_DIR)/CCCoverFlowView.app/CCCoverFlowView";
			};
			name = Release;
		};
		AA1F4DD91C0552FB00C035DC /* Debug */ = {
			isa = XCBuildConfiguration;
			buildSettings = {
				INFOPLIST_FILE = CCCoverFlowViewUITests/Info.plist;
				LD_RUNPATH_SEARCH_PATHS = "$(inherited) @executable_path/Frameworks @loader_path/Frameworks";
				PRODUCT_BUNDLE_IDENTIFIER = CoverFlowView.CCCoverFlowViewUITests;
				PRODUCT_NAME = "$(TARGET_NAME)";
				TEST_TARGET_NAME = CCCoverFlowView;
				USES_XCTRUNNER = YES;
			};
			name = Debug;
		};
		AA1F4DDA1C0552FB00C035DC /* Release */ = {
			isa = XCBuildConfiguration;
			buildSettings = {
				INFOPLIST_FILE = CCCoverFlowViewUITests/Info.plist;
				LD_RUNPATH_SEARCH_PATHS = "$(inherited) @executable_path/Frameworks @loader_path/Frameworks";
				PRODUCT_BUNDLE_IDENTIFIER = CoverFlowView.CCCoverFlowViewUITests;
				PRODUCT_NAME = "$(TARGET_NAME)";
				TEST_TARGET_NAME = CCCoverFlowView;
				USES_XCTRUNNER = YES;
			};
			name = Release;
		};
/* End XCBuildConfiguration section */

/* Begin XCConfigurationList section */
		AA1F4DA01C0552FB00C035DC /* Build configuration list for PBXProject "CCCoverFlowView" */ = {
			isa = XCConfigurationList;
			buildConfigurations = (
				AA1F4DD01C0552FB00C035DC /* Debug */,
				AA1F4DD11C0552FB00C035DC /* Release */,
			);
			defaultConfigurationIsVisible = 0;
			defaultConfigurationName = Release;
		};
		AA1F4DD21C0552FB00C035DC /* Build configuration list for PBXNativeTarget "CCCoverFlowView" */ = {
			isa = XCConfigurationList;
			buildConfigurations = (
				AA1F4DD31C0552FB00C035DC /* Debug */,
				AA1F4DD41C0552FB00C035DC /* Release */,
			);
			defaultConfigurationIsVisible = 0;
		};
		AA1F4DD51C0552FB00C035DC /* Build configuration list for PBXNativeTarget "CCCoverFlowViewTests" */ = {
			isa = XCConfigurationList;
			buildConfigurations = (
				AA1F4DD61C0552FB00C035DC /* Debug */,
				AA1F4DD71C0552FB00C035DC /* Release */,
			);
			defaultConfigurationIsVisible = 0;
		};
		AA1F4DD81C0552FB00C035DC /* Build configuration list for PBXNativeTarget "CCCoverFlowViewUITests" */ = {
			isa = XCConfigurationList;
			buildConfigurations = (
				AA1F4DD91C0552FB00C035DC /* Debug */,
				AA1F4DDA1C0552FB00C035DC /* Release */,
			);
			defaultConfigurationIsVisible = 0;
		};
/* End XCConfigurationList section */
	};
	rootObject = AA1F4D9D1C0552FB00C035DC /* Project object */;
}
